// !$*UTF8*$!
{
	archiveVersion = 1;
	classes = {
	};
	objectVersion = 52;
	objects = {

/* Begin PBXBuildFile section */
		B8046E802396C8F700AADCFA /* AuthToken.swift in Sources */ = {isa = PBXBuildFile; fileRef = B8046E7F2396C8F700AADCFA /* AuthToken.swift */; };
		B8046E842397B0D500AADCFA /* String.swift in Sources */ = {isa = PBXBuildFile; fileRef = B8046E832397B0D500AADCFA /* String.swift */; };
		B8046E862397B5A100AADCFA /* Date.swift in Sources */ = {isa = PBXBuildFile; fileRef = B8046E852397B5A100AADCFA /* Date.swift */; };
		B84460EA238AD0460003F4C3 /* Moya in Frameworks */ = {isa = PBXBuildFile; productRef = B84460E9238AD0460003F4C3 /* Moya */; };
		B84460ED238AD2950003F4C3 /* MashUpProvider.swift in Sources */ = {isa = PBXBuildFile; fileRef = B84460EC238AD2950003F4C3 /* MashUpProvider.swift */; };
		B84460EF238AD3250003F4C3 /* MashUpService.swift in Sources */ = {isa = PBXBuildFile; fileRef = B84460EE238AD3250003F4C3 /* MashUpService.swift */; };
		B84460F2238AD7E10003F4C3 /* Notice.swift in Sources */ = {isa = PBXBuildFile; fileRef = B84460F1238AD7E10003F4C3 /* Notice.swift */; };
		B84460F4238ADFDF0003F4C3 /* Team.swift in Sources */ = {isa = PBXBuildFile; fileRef = B84460F3238ADFDF0003F4C3 /* Team.swift */; };
		B84460F6238ADFFA0003F4C3 /* User.swift in Sources */ = {isa = PBXBuildFile; fileRef = B84460F5238ADFFA0003F4C3 /* User.swift */; };
		CE87AA232389B45500F9EF1F /* RoundButton.swift in Sources */ = {isa = PBXBuildFile; fileRef = CE87AA222389B45500F9EF1F /* RoundButton.swift */; };
		CE914C63235347AD00597D7A /* AppDelegate.swift in Sources */ = {isa = PBXBuildFile; fileRef = CE914C62235347AD00597D7A /* AppDelegate.swift */; };
		CE914C65235347AD00597D7A /* SceneDelegate.swift in Sources */ = {isa = PBXBuildFile; fileRef = CE914C64235347AD00597D7A /* SceneDelegate.swift */; };
		CE914C6A235347AD00597D7A /* Notice.storyboard in Resources */ = {isa = PBXBuildFile; fileRef = CE914C68235347AD00597D7A /* Notice.storyboard */; };
		CE914C6C235347AE00597D7A /* Assets.xcassets in Resources */ = {isa = PBXBuildFile; fileRef = CE914C6B235347AE00597D7A /* Assets.xcassets */; };
		CE914C6F235347AE00597D7A /* LaunchScreen.storyboard in Resources */ = {isa = PBXBuildFile; fileRef = CE914C6D235347AE00597D7A /* LaunchScreen.storyboard */; };
		CE914C7723534BE800597D7A /* Colors.xcassets in Resources */ = {isa = PBXBuildFile; fileRef = CE914C7623534BE800597D7A /* Colors.xcassets */; };
		CE914C822353716100597D7A /* NoticeViewController.swift in Sources */ = {isa = PBXBuildFile; fileRef = CE914C812353716100597D7A /* NoticeViewController.swift */; };
		CE914C85235372B400597D7A /* Storyboard.swift in Sources */ = {isa = PBXBuildFile; fileRef = CE914C84235372B400597D7A /* Storyboard.swift */; };
		CE914C87235373C400597D7A /* UIViewController.swift in Sources */ = {isa = PBXBuildFile; fileRef = CE914C86235373C400597D7A /* UIViewController.swift */; };
		CE914C892353747000597D7A /* Nib.swift in Sources */ = {isa = PBXBuildFile; fileRef = CE914C882353747000597D7A /* Nib.swift */; };
		CE914C8C235379BE00597D7A /* NoticeTableViewCell.swift in Sources */ = {isa = PBXBuildFile; fileRef = CE914C8A235379BE00597D7A /* NoticeTableViewCell.swift */; };
		CE914C8D235379BE00597D7A /* NoticeTableViewCell.xib in Resources */ = {isa = PBXBuildFile; fileRef = CE914C8B235379BE00597D7A /* NoticeTableViewCell.xib */; };
		CE914C8F23537F3100597D7A /* UITableView.swift in Sources */ = {isa = PBXBuildFile; fileRef = CE914C8E23537F3100597D7A /* UITableView.swift */; };
		CE914C9123538CE900597D7A /* SignIn.storyboard in Resources */ = {isa = PBXBuildFile; fileRef = CE914C9023538CE900597D7A /* SignIn.storyboard */; };
		CE914C932353915B00597D7A /* RoundView.swift in Sources */ = {isa = PBXBuildFile; fileRef = CE914C922353915B00597D7A /* RoundView.swift */; };
		CE914C9B2353A5D100597D7A /* SignInViewController.swift in Sources */ = {isa = PBXBuildFile; fileRef = CE914C9A2353A5D100597D7A /* SignInViewController.swift */; };
/* End PBXBuildFile section */

/* Begin PBXFileReference section */
		B8046E7F2396C8F700AADCFA /* AuthToken.swift */ = {isa = PBXFileReference; lastKnownFileType = sourcecode.swift; path = AuthToken.swift; sourceTree = "<group>"; };
		B8046E832397B0D500AADCFA /* String.swift */ = {isa = PBXFileReference; lastKnownFileType = sourcecode.swift; path = String.swift; sourceTree = "<group>"; };
		B8046E852397B5A100AADCFA /* Date.swift */ = {isa = PBXFileReference; lastKnownFileType = sourcecode.swift; path = Date.swift; sourceTree = "<group>"; };
		B84460EC238AD2950003F4C3 /* MashUpProvider.swift */ = {isa = PBXFileReference; lastKnownFileType = sourcecode.swift; path = MashUpProvider.swift; sourceTree = "<group>"; };
		B84460EE238AD3250003F4C3 /* MashUpService.swift */ = {isa = PBXFileReference; lastKnownFileType = sourcecode.swift; path = MashUpService.swift; sourceTree = "<group>"; };
		B84460F1238AD7E10003F4C3 /* Notice.swift */ = {isa = PBXFileReference; lastKnownFileType = sourcecode.swift; path = Notice.swift; sourceTree = "<group>"; };
		B84460F3238ADFDF0003F4C3 /* Team.swift */ = {isa = PBXFileReference; lastKnownFileType = sourcecode.swift; path = Team.swift; sourceTree = "<group>"; };
		B84460F5238ADFFA0003F4C3 /* User.swift */ = {isa = PBXFileReference; lastKnownFileType = sourcecode.swift; path = User.swift; sourceTree = "<group>"; };
		CE87AA222389B45500F9EF1F /* RoundButton.swift */ = {isa = PBXFileReference; lastKnownFileType = sourcecode.swift; path = RoundButton.swift; sourceTree = "<group>"; };
		CE914C5F235347AD00597D7A /* Mash-Up-iOS.app */ = {isa = PBXFileReference; explicitFileType = wrapper.application; includeInIndex = 0; path = "Mash-Up-iOS.app"; sourceTree = BUILT_PRODUCTS_DIR; };
		CE914C62235347AD00597D7A /* AppDelegate.swift */ = {isa = PBXFileReference; lastKnownFileType = sourcecode.swift; path = AppDelegate.swift; sourceTree = "<group>"; };
		CE914C64235347AD00597D7A /* SceneDelegate.swift */ = {isa = PBXFileReference; lastKnownFileType = sourcecode.swift; path = SceneDelegate.swift; sourceTree = "<group>"; };
		CE914C69235347AD00597D7A /* Base */ = {isa = PBXFileReference; lastKnownFileType = file.storyboard; name = Base; path = Base.lproj/Notice.storyboard; sourceTree = "<group>"; };
		CE914C6B235347AE00597D7A /* Assets.xcassets */ = {isa = PBXFileReference; lastKnownFileType = folder.assetcatalog; path = Assets.xcassets; sourceTree = "<group>"; };
		CE914C6E235347AE00597D7A /* Base */ = {isa = PBXFileReference; lastKnownFileType = file.storyboard; name = Base; path = Base.lproj/LaunchScreen.storyboard; sourceTree = "<group>"; };
		CE914C70235347AE00597D7A /* Info.plist */ = {isa = PBXFileReference; lastKnownFileType = text.plist.xml; path = Info.plist; sourceTree = "<group>"; };
		CE914C7623534BE800597D7A /* Colors.xcassets */ = {isa = PBXFileReference; lastKnownFileType = folder.assetcatalog; path = Colors.xcassets; sourceTree = "<group>"; };
		CE914C812353716100597D7A /* NoticeViewController.swift */ = {isa = PBXFileReference; lastKnownFileType = sourcecode.swift; path = NoticeViewController.swift; sourceTree = "<group>"; };
		CE914C84235372B400597D7A /* Storyboard.swift */ = {isa = PBXFileReference; lastKnownFileType = sourcecode.swift; path = Storyboard.swift; sourceTree = "<group>"; };
		CE914C86235373C400597D7A /* UIViewController.swift */ = {isa = PBXFileReference; lastKnownFileType = sourcecode.swift; path = UIViewController.swift; sourceTree = "<group>"; };
		CE914C882353747000597D7A /* Nib.swift */ = {isa = PBXFileReference; lastKnownFileType = sourcecode.swift; path = Nib.swift; sourceTree = "<group>"; };
		CE914C8A235379BE00597D7A /* NoticeTableViewCell.swift */ = {isa = PBXFileReference; lastKnownFileType = sourcecode.swift; path = NoticeTableViewCell.swift; sourceTree = "<group>"; };
		CE914C8B235379BE00597D7A /* NoticeTableViewCell.xib */ = {isa = PBXFileReference; lastKnownFileType = file.xib; path = NoticeTableViewCell.xib; sourceTree = "<group>"; };
		CE914C8E23537F3100597D7A /* UITableView.swift */ = {isa = PBXFileReference; lastKnownFileType = sourcecode.swift; path = UITableView.swift; sourceTree = "<group>"; };
		CE914C9023538CE900597D7A /* SignIn.storyboard */ = {isa = PBXFileReference; lastKnownFileType = file.storyboard; path = SignIn.storyboard; sourceTree = "<group>"; };
		CE914C922353915B00597D7A /* RoundView.swift */ = {isa = PBXFileReference; lastKnownFileType = sourcecode.swift; path = RoundView.swift; sourceTree = "<group>"; };
		CE914C9A2353A5D100597D7A /* SignInViewController.swift */ = {isa = PBXFileReference; lastKnownFileType = sourcecode.swift; path = SignInViewController.swift; sourceTree = "<group>"; };
/* End PBXFileReference section */

/* Begin PBXFrameworksBuildPhase section */
		CE914C5C235347AD00597D7A /* Frameworks */ = {
			isa = PBXFrameworksBuildPhase;
			buildActionMask = 2147483647;
			files = (
				B84460EA238AD0460003F4C3 /* Moya in Frameworks */,
			);
			runOnlyForDeploymentPostprocessing = 0;
		};
/* End PBXFrameworksBuildPhase section */

/* Begin PBXGroup section */
		B84460EB238AD2770003F4C3 /* Network */ = {
			isa = PBXGroup;
			children = (
				B84460EC238AD2950003F4C3 /* MashUpProvider.swift */,
				B84460EE238AD3250003F4C3 /* MashUpService.swift */,
			);
			path = Network;
			sourceTree = "<group>";
		};
		B84460F0238AD7D80003F4C3 /* Model */ = {
			isa = PBXGroup;
			children = (
				B84460F1238AD7E10003F4C3 /* Notice.swift */,
				B84460F3238ADFDF0003F4C3 /* Team.swift */,
				B84460F5238ADFFA0003F4C3 /* User.swift */,
				B8046E7F2396C8F700AADCFA /* AuthToken.swift */,
			);
			path = Model;
			sourceTree = "<group>";
		};
		CE914C56235347AD00597D7A = {
			isa = PBXGroup;
			children = (
				CE914C61235347AD00597D7A /* Mash-Up-iOS */,
				CE914C60235347AD00597D7A /* Products */,
			);
			sourceTree = "<group>";
		};
		CE914C60235347AD00597D7A /* Products */ = {
			isa = PBXGroup;
			children = (
				CE914C5F235347AD00597D7A /* Mash-Up-iOS.app */,
			);
			name = Products;
			sourceTree = "<group>";
		};
		CE914C61235347AD00597D7A /* Mash-Up-iOS */ = {
			isa = PBXGroup;
			children = (
				B84460F0238AD7D80003F4C3 /* Model */,
				B84460EB238AD2770003F4C3 /* Network */,
				CE914C7C2353551500597D7A /* Resources */,
				CE914C83235372A300597D7A /* Common */,
				CE914C782353547F00597D7A /* Views */,
				CE914C62235347AD00597D7A /* AppDelegate.swift */,
				CE914C64235347AD00597D7A /* SceneDelegate.swift */,
				CE914C70235347AE00597D7A /* Info.plist */,
			);
			path = "Mash-Up-iOS";
			sourceTree = "<group>";
		};
		CE914C782353547F00597D7A /* Views */ = {
			isa = PBXGroup;
			children = (
				CE914C922353915B00597D7A /* RoundView.swift */,
				CE87AA222389B45500F9EF1F /* RoundButton.swift */,
				CE914C7A235354E600597D7A /* Cells */,
				CE914C79235354DF00597D7A /* Controllers */,
				CE914C7B235354EC00597D7A /* Storyboards */,
			);
			path = Views;
			sourceTree = "<group>";
		};
		CE914C79235354DF00597D7A /* Controllers */ = {
			isa = PBXGroup;
			children = (
				CE914C812353716100597D7A /* NoticeViewController.swift */,
				CE914C9A2353A5D100597D7A /* SignInViewController.swift */,
			);
			path = Controllers;
			sourceTree = "<group>";
		};
		CE914C7A235354E600597D7A /* Cells */ = {
			isa = PBXGroup;
			children = (
				CE914C8A235379BE00597D7A /* NoticeTableViewCell.swift */,
			);
			path = Cells;
			sourceTree = "<group>";
		};
		CE914C7B235354EC00597D7A /* Storyboards */ = {
			isa = PBXGroup;
			children = (
				CE914C6D235347AE00597D7A /* LaunchScreen.storyboard */,
				CE914C68235347AD00597D7A /* Notice.storyboard */,
				CE914C8B235379BE00597D7A /* NoticeTableViewCell.xib */,
				CE914C9023538CE900597D7A /* SignIn.storyboard */,
			);
			path = Storyboards;
			sourceTree = "<group>";
		};
		CE914C7C2353551500597D7A /* Resources */ = {
			isa = PBXGroup;
			children = (
				CE914C6B235347AE00597D7A /* Assets.xcassets */,
				CE914C7623534BE800597D7A /* Colors.xcassets */,
			);
			path = Resources;
			sourceTree = "<group>";
		};
		CE914C83235372A300597D7A /* Common */ = {
			isa = PBXGroup;
			children = (
				CE914C84235372B400597D7A /* Storyboard.swift */,
				CE914C86235373C400597D7A /* UIViewController.swift */,
				CE914C882353747000597D7A /* Nib.swift */,
				CE914C8E23537F3100597D7A /* UITableView.swift */,
				B8046E832397B0D500AADCFA /* String.swift */,
				B8046E852397B5A100AADCFA /* Date.swift */,
			);
			path = Common;
			sourceTree = "<group>";
		};
/* End PBXGroup section */

/* Begin PBXNativeTarget section */
		CE914C5E235347AD00597D7A /* Mash-Up-iOS */ = {
			isa = PBXNativeTarget;
			buildConfigurationList = CE914C73235347AE00597D7A /* Build configuration list for PBXNativeTarget "Mash-Up-iOS" */;
			buildPhases = (
				CE914C5B235347AD00597D7A /* Sources */,
				CE914C5C235347AD00597D7A /* Frameworks */,
				CE914C5D235347AD00597D7A /* Resources */,
			);
			buildRules = (
			);
			dependencies = (
			);
			name = "Mash-Up-iOS";
			packageProductDependencies = (
				B84460E9238AD0460003F4C3 /* Moya */,
			);
			productName = "Mash-Up-iOS";
			productReference = CE914C5F235347AD00597D7A /* Mash-Up-iOS.app */;
			productType = "com.apple.product-type.application";
		};
/* End PBXNativeTarget section */

/* Begin PBXProject section */
		CE914C57235347AD00597D7A /* Project object */ = {
			isa = PBXProject;
			attributes = {
				LastSwiftUpdateCheck = 1110;
				LastUpgradeCheck = 1110;
				ORGANIZATIONNAME = "Mash-Up";
				TargetAttributes = {
					CE914C5E235347AD00597D7A = {
						CreatedOnToolsVersion = 11.1;
					};
				};
			};
			buildConfigurationList = CE914C5A235347AD00597D7A /* Build configuration list for PBXProject "Mash-Up-iOS" */;
			compatibilityVersion = "Xcode 9.3";
			developmentRegion = en;
			hasScannedForEncodings = 0;
			knownRegions = (
				en,
				Base,
			);
			mainGroup = CE914C56235347AD00597D7A;
			packageReferences = (
				B84460E8238AD0460003F4C3 /* XCRemoteSwiftPackageReference "Moya" */,
			);
			productRefGroup = CE914C60235347AD00597D7A /* Products */;
			projectDirPath = "";
			projectRoot = "";
			targets = (
				CE914C5E235347AD00597D7A /* Mash-Up-iOS */,
			);
		};
/* End PBXProject section */

/* Begin PBXResourcesBuildPhase section */
		CE914C5D235347AD00597D7A /* Resources */ = {
			isa = PBXResourcesBuildPhase;
			buildActionMask = 2147483647;
			files = (
				CE914C6F235347AE00597D7A /* LaunchScreen.storyboard in Resources */,
				CE914C7723534BE800597D7A /* Colors.xcassets in Resources */,
				CE914C6C235347AE00597D7A /* Assets.xcassets in Resources */,
				CE914C6A235347AD00597D7A /* Notice.storyboard in Resources */,
				CE914C9123538CE900597D7A /* SignIn.storyboard in Resources */,
				CE914C8D235379BE00597D7A /* NoticeTableViewCell.xib in Resources */,
			);
			runOnlyForDeploymentPostprocessing = 0;
		};
/* End PBXResourcesBuildPhase section */

/* Begin PBXSourcesBuildPhase section */
		CE914C5B235347AD00597D7A /* Sources */ = {
			isa = PBXSourcesBuildPhase;
			buildActionMask = 2147483647;
			files = (
				CE914C932353915B00597D7A /* RoundView.swift in Sources */,
				CE914C63235347AD00597D7A /* AppDelegate.swift in Sources */,
				CE914C85235372B400597D7A /* Storyboard.swift in Sources */,
				B84460F4238ADFDF0003F4C3 /* Team.swift in Sources */,
				B84460F6238ADFFA0003F4C3 /* User.swift in Sources */,
				B84460F2238AD7E10003F4C3 /* Notice.swift in Sources */,
				CE914C8C235379BE00597D7A /* NoticeTableViewCell.swift in Sources */,
				B84460ED238AD2950003F4C3 /* MashUpProvider.swift in Sources */,
				CE87AA232389B45500F9EF1F /* RoundButton.swift in Sources */,
				B8046E802396C8F700AADCFA /* AuthToken.swift in Sources */,
				CE914C892353747000597D7A /* Nib.swift in Sources */,
				CE914C87235373C400597D7A /* UIViewController.swift in Sources */,
				B8046E842397B0D500AADCFA /* String.swift in Sources */,
				CE914C8F23537F3100597D7A /* UITableView.swift in Sources */,
				CE914C65235347AD00597D7A /* SceneDelegate.swift in Sources */,
				CE914C9B2353A5D100597D7A /* SignInViewController.swift in Sources */,
				B8046E862397B5A100AADCFA /* Date.swift in Sources */,
				B84460EF238AD3250003F4C3 /* MashUpService.swift in Sources */,
				CE914C822353716100597D7A /* NoticeViewController.swift in Sources */,
			);
			runOnlyForDeploymentPostprocessing = 0;
		};
/* End PBXSourcesBuildPhase section */

/* Begin PBXVariantGroup section */
		CE914C68235347AD00597D7A /* Notice.storyboard */ = {
			isa = PBXVariantGroup;
			children = (
				CE914C69235347AD00597D7A /* Base */,
			);
			name = Notice.storyboard;
			sourceTree = "<group>";
		};
		CE914C6D235347AE00597D7A /* LaunchScreen.storyboard */ = {
			isa = PBXVariantGroup;
			children = (
				CE914C6E235347AE00597D7A /* Base */,
			);
			name = LaunchScreen.storyboard;
			sourceTree = "<group>";
		};
/* End PBXVariantGroup section */

/* Begin XCBuildConfiguration section */
		CE914C71235347AE00597D7A /* Debug */ = {
			isa = XCBuildConfiguration;
			buildSettings = {
				ALWAYS_SEARCH_USER_PATHS = NO;
				CLANG_ANALYZER_NONNULL = YES;
				CLANG_ANALYZER_NUMBER_OBJECT_CONVERSION = YES_AGGRESSIVE;
				CLANG_CXX_LANGUAGE_STANDARD = "gnu++14";
				CLANG_CXX_LIBRARY = "libc++";
				CLANG_ENABLE_MODULES = YES;
				CLANG_ENABLE_OBJC_ARC = YES;
				CLANG_ENABLE_OBJC_WEAK = YES;
				CLANG_WARN_BLOCK_CAPTURE_AUTORELEASING = YES;
				CLANG_WARN_BOOL_CONVERSION = YES;
				CLANG_WARN_COMMA = YES;
				CLANG_WARN_CONSTANT_CONVERSION = YES;
				CLANG_WARN_DEPRECATED_OBJC_IMPLEMENTATIONS = YES;
				CLANG_WARN_DIRECT_OBJC_ISA_USAGE = YES_ERROR;
				CLANG_WARN_DOCUMENTATION_COMMENTS = YES;
				CLANG_WARN_EMPTY_BODY = YES;
				CLANG_WARN_ENUM_CONVERSION = YES;
				CLANG_WARN_INFINITE_RECURSION = YES;
				CLANG_WARN_INT_CONVERSION = YES;
				CLANG_WARN_NON_LITERAL_NULL_CONVERSION = YES;
				CLANG_WARN_OBJC_IMPLICIT_RETAIN_SELF = YES;
				CLANG_WARN_OBJC_LITERAL_CONVERSION = YES;
				CLANG_WARN_OBJC_ROOT_CLASS = YES_ERROR;
				CLANG_WARN_RANGE_LOOP_ANALYSIS = YES;
				CLANG_WARN_STRICT_PROTOTYPES = YES;
				CLANG_WARN_SUSPICIOUS_MOVE = YES;
				CLANG_WARN_UNGUARDED_AVAILABILITY = YES_AGGRESSIVE;
				CLANG_WARN_UNREACHABLE_CODE = YES;
				CLANG_WARN__DUPLICATE_METHOD_MATCH = YES;
				COPY_PHASE_STRIP = NO;
				DEBUG_INFORMATION_FORMAT = dwarf;
				ENABLE_STRICT_OBJC_MSGSEND = YES;
				ENABLE_TESTABILITY = YES;
				GCC_C_LANGUAGE_STANDARD = gnu11;
				GCC_DYNAMIC_NO_PIC = NO;
				GCC_NO_COMMON_BLOCKS = YES;
				GCC_OPTIMIZATION_LEVEL = 0;
				GCC_PREPROCESSOR_DEFINITIONS = (
					"DEBUG=1",
					"$(inherited)",
				);
				GCC_WARN_64_TO_32_BIT_CONVERSION = YES;
				GCC_WARN_ABOUT_RETURN_TYPE = YES_ERROR;
				GCC_WARN_UNDECLARED_SELECTOR = YES;
				GCC_WARN_UNINITIALIZED_AUTOS = YES_AGGRESSIVE;
				GCC_WARN_UNUSED_FUNCTION = YES;
				GCC_WARN_UNUSED_VARIABLE = YES;
				IPHONEOS_DEPLOYMENT_TARGET = 13.1;
				MTL_ENABLE_DEBUG_INFO = INCLUDE_SOURCE;
				MTL_FAST_MATH = YES;
				ONLY_ACTIVE_ARCH = YES;
				SDKROOT = iphoneos;
				SWIFT_ACTIVE_COMPILATION_CONDITIONS = DEBUG;
				SWIFT_OPTIMIZATION_LEVEL = "-Onone";
			};
			name = Debug;
		};
		CE914C72235347AE00597D7A /* Release */ = {
			isa = XCBuildConfiguration;
			buildSettings = {
				ALWAYS_SEARCH_USER_PATHS = NO;
				CLANG_ANALYZER_NONNULL = YES;
				CLANG_ANALYZER_NUMBER_OBJECT_CONVERSION = YES_AGGRESSIVE;
				CLANG_CXX_LANGUAGE_STANDARD = "gnu++14";
				CLANG_CXX_LIBRARY = "libc++";
				CLANG_ENABLE_MODULES = YES;
				CLANG_ENABLE_OBJC_ARC = YES;
				CLANG_ENABLE_OBJC_WEAK = YES;
				CLANG_WARN_BLOCK_CAPTURE_AUTORELEASING = YES;
				CLANG_WARN_BOOL_CONVERSION = YES;
				CLANG_WARN_COMMA = YES;
				CLANG_WARN_CONSTANT_CONVERSION = YES;
				CLANG_WARN_DEPRECATED_OBJC_IMPLEMENTATIONS = YES;
				CLANG_WARN_DIRECT_OBJC_ISA_USAGE = YES_ERROR;
				CLANG_WARN_DOCUMENTATION_COMMENTS = YES;
				CLANG_WARN_EMPTY_BODY = YES;
				CLANG_WARN_ENUM_CONVERSION = YES;
				CLANG_WARN_INFINITE_RECURSION = YES;
				CLANG_WARN_INT_CONVERSION = YES;
				CLANG_WARN_NON_LITERAL_NULL_CONVERSION = YES;
				CLANG_WARN_OBJC_IMPLICIT_RETAIN_SELF = YES;
				CLANG_WARN_OBJC_LITERAL_CONVERSION = YES;
				CLANG_WARN_OBJC_ROOT_CLASS = YES_ERROR;
				CLANG_WARN_RANGE_LOOP_ANALYSIS = YES;
				CLANG_WARN_STRICT_PROTOTYPES = YES;
				CLANG_WARN_SUSPICIOUS_MOVE = YES;
				CLANG_WARN_UNGUARDED_AVAILABILITY = YES_AGGRESSIVE;
				CLANG_WARN_UNREACHABLE_CODE = YES;
				CLANG_WARN__DUPLICATE_METHOD_MATCH = YES;
				COPY_PHASE_STRIP = NO;
				DEBUG_INFORMATION_FORMAT = "dwarf-with-dsym";
				ENABLE_NS_ASSERTIONS = NO;
				ENABLE_STRICT_OBJC_MSGSEND = YES;
				GCC_C_LANGUAGE_STANDARD = gnu11;
				GCC_NO_COMMON_BLOCKS = YES;
				GCC_WARN_64_TO_32_BIT_CONVERSION = YES;
				GCC_WARN_ABOUT_RETURN_TYPE = YES_ERROR;
				GCC_WARN_UNDECLARED_SELECTOR = YES;
				GCC_WARN_UNINITIALIZED_AUTOS = YES_AGGRESSIVE;
				GCC_WARN_UNUSED_FUNCTION = YES;
				GCC_WARN_UNUSED_VARIABLE = YES;
				IPHONEOS_DEPLOYMENT_TARGET = 13.1;
				MTL_ENABLE_DEBUG_INFO = NO;
				MTL_FAST_MATH = YES;
				SDKROOT = iphoneos;
				SWIFT_COMPILATION_MODE = wholemodule;
				SWIFT_OPTIMIZATION_LEVEL = "-O";
				VALIDATE_PRODUCT = YES;
			};
			name = Release;
		};
		CE914C74235347AE00597D7A /* Debug */ = {
			isa = XCBuildConfiguration;
			buildSettings = {
				ASSETCATALOG_COMPILER_APPICON_NAME = AppIcon;
				CODE_SIGN_STYLE = Automatic;
				DEVELOPMENT_TEAM = 9YDN5UGRB3;
				INFOPLIST_FILE = "Mash-Up-iOS/Info.plist";
				LD_RUNPATH_SEARCH_PATHS = (
					"$(inherited)",
					"@executable_path/Frameworks",
				);
				PRODUCT_BUNDLE_IDENTIFIER = "kr.co.mash-up.Mash-Up-iOS";
				PRODUCT_NAME = "$(TARGET_NAME)";
				SWIFT_VERSION = 5.0;
				TARGETED_DEVICE_FAMILY = "1,2";
			};
			name = Debug;
		};
		CE914C75235347AE00597D7A /* Release */ = {
			isa = XCBuildConfiguration;
			buildSettings = {
				ASSETCATALOG_COMPILER_APPICON_NAME = AppIcon;
				CODE_SIGN_STYLE = Automatic;
				DEVELOPMENT_TEAM = 9YDN5UGRB3;
				INFOPLIST_FILE = "Mash-Up-iOS/Info.plist";
				LD_RUNPATH_SEARCH_PATHS = (
					"$(inherited)",
					"@executable_path/Frameworks",
				);
				PRODUCT_BUNDLE_IDENTIFIER = "kr.co.mash-up.Mash-Up-iOS";
				PRODUCT_NAME = "$(TARGET_NAME)";
				SWIFT_VERSION = 5.0;
				TARGETED_DEVICE_FAMILY = "1,2";
			};
			name = Release;
		};
/* End XCBuildConfiguration section */

/* Begin XCConfigurationList section */
		CE914C5A235347AD00597D7A /* Build configuration list for PBXProject "Mash-Up-iOS" */ = {
			isa = XCConfigurationList;
			buildConfigurations = (
				CE914C71235347AE00597D7A /* Debug */,
				CE914C72235347AE00597D7A /* Release */,
			);
			defaultConfigurationIsVisible = 0;
			defaultConfigurationName = Release;
		};
		CE914C73235347AE00597D7A /* Build configuration list for PBXNativeTarget "Mash-Up-iOS" */ = {
			isa = XCConfigurationList;
			buildConfigurations = (
				CE914C74235347AE00597D7A /* Debug */,
				CE914C75235347AE00597D7A /* Release */,
			);
			defaultConfigurationIsVisible = 0;
			defaultConfigurationName = Release;
		};
/* End XCConfigurationList section */

/* Begin XCRemoteSwiftPackageReference section */
		B84460E8238AD0460003F4C3 /* XCRemoteSwiftPackageReference "Moya" */ = {
			isa = XCRemoteSwiftPackageReference;
			repositoryURL = "https://github.com/Moya/Moya";
			requirement = {
				kind = upToNextMajorVersion;
				minimumVersion = 13.0.1;
			};
		};
/* End XCRemoteSwiftPackageReference section */

/* Begin XCSwiftPackageProductDependency section */
		B84460E9238AD0460003F4C3 /* Moya */ = {
			isa = XCSwiftPackageProductDependency;
			package = B84460E8238AD0460003F4C3 /* XCRemoteSwiftPackageReference "Moya" */;
			productName = Moya;
		};
/* End XCSwiftPackageProductDependency section */
	};
	rootObject = CE914C57235347AD00597D7A /* Project object */;
}
